
Microsoft Visual Studio Solution File, Format Version 12.00
# Visual Studio Version 17
VisualStudioVersion = 17.9.34728.123
MinimumVisualStudioVersion = 10.0.40219.1
Project("{FAE04EC0-301F-11D3-BF4B-00C04F79EFBC}") = "MelodiousHaven", "MelodiousHaven.csproj", "{6E4B9085-98D8-4F6F-8707-C7EC2E6E42DF}"
EndProject
Global
	GlobalSection(SolutionConfigurationPlatforms) = preSolution
		Debug|Any CPU = Debug|Any CPU
		Release|Any CPU = Release|Any CPU
	EndGlobalSection
	GlobalSection(ProjectConfigurationPlatforms) = postSolution
		{6E4B9085-98D8-4F6F-8707-C7EC2E6E42DF}.Debug|Any CPU.ActiveCfg = Debug|Any CPU
		{6E4B9085-98D8-4F6F-8707-C7EC2E6E42DF}.Debug|Any CPU.Build.0 = Debug|Any CPU
		{6E4B9085-98D8-4F6F-8707-C7EC2E6E42DF}.Release|Any CPU.ActiveCfg = Release|Any CPU
		{6E4B9085-98D8-4F6F-8707-C7EC2E6E42DF}.Release|Any CPU.Build.0 = Release|Any CPU
	EndGlobalSection
	GlobalSection(SolutionProperties) = preSolution
		HideSolutionNode = FALSE
	EndGlobalSection
	GlobalSection(ExtensibilityGlobals) = postSolution
		SolutionGuid = {2F79BAB4-27E9-416B-B84C-4F8386629DCB}
	EndGlobalSection
EndGlobal
